
Microsoft Visual Studio Solution File, Format Version 12.00
# Visual Studio Version 17
VisualStudioVersion = 17.6.33815.320
MinimumVisualStudioVersion = 10.0.40219.1
Project("{9A19103F-16F7-4668-BE54-9A1E7A4F7556}") = "Xapier14.KnnSharp", "Xapier14.KnnSharp.csproj", "{64399493-5490-4DC8-921B-4A32071336E6}"
EndProject
Global
	GlobalSection(SolutionConfigurationPlatforms) = preSolution
		Debug|Any CPU = Debug|Any CPU
		Release|Any CPU = Release|Any CPU
	EndGlobalSection
	GlobalSection(ProjectConfigurationPlatforms) = postSolution
		{64399493-5490-4DC8-921B-4A32071336E6}.Debug|Any CPU.ActiveCfg = Debug|Any CPU
		{64399493-5490-4DC8-921B-4A32071336E6}.Debug|Any CPU.Build.0 = Debug|Any CPU
		{64399493-5490-4DC8-921B-4A32071336E6}.Release|Any CPU.ActiveCfg = Release|Any CPU
		{64399493-5490-4DC8-921B-4A32071336E6}.Release|Any CPU.Build.0 = Release|Any CPU
	EndGlobalSection
	GlobalSection(SolutionProperties) = preSolution
		HideSolutionNode = FALSE
	EndGlobalSection
	GlobalSection(ExtensibilityGlobals) = postSolution
		SolutionGuid = {6CC1477A-30DD-4926-8C68-C9E7E3F34D2A}
	EndGlobalSection
EndGlobal
